
Microsoft Visual Studio Solution File, Format Version 12.00
Project("{2150E333-8FDC-42A3-9474-1A3956D46DE8}") = "ProdutoService", "ProdutoService", "{CBBD7B47-E5C1-48E0-B7B0-EC48F11DD116}"
EndProject
Project("{2150E333-8FDC-42A3-9474-1A3956D46DE8}") = "Core", "Core", "{A8FA4A9F-3CB5-47AA-9208-857BF0C95F1E}"
EndProject
Project("{FAE04EC0-301F-11D3-BF4B-00C04F79EFBC}") = "Domain", "ProdutoService\Core\Domain\Domain.csproj", "{326A5323-833C-4F08-A749-D533BA9EBC99}"
EndProject
Project("{2150E333-8FDC-42A3-9474-1A3956D46DE8}") = "Tests", "Tests", "{BBF2B533-B731-4CB9-86FC-9AB82224FA7F}"
EndProject
Project("{2150E333-8FDC-42A3-9474-1A3956D46DE8}") = "Consumers", "Consumers", "{17DA2136-AFD4-4B7B-A35D-4523D810F7FC}"
EndProject
Project("{2150E333-8FDC-42A3-9474-1A3956D46DE8}") = "Adapters", "Adapters", "{5DC3FB36-9B0E-4590-B558-227E234EB3EE}"
EndProject
Project("{FAE04EC0-301F-11D3-BF4B-00C04F79EFBC}") = "Application", "ProdutoService\Core\Application\Application.csproj", "{E5FE099C-E0D2-449D-85E8-BD13B27A2CFF}"
EndProject
Project("{FAE04EC0-301F-11D3-BF4B-00C04F79EFBC}") = "API", "ProdutoService\Consumers\API\API\API.csproj", "{66AC7A87-72D7-4DBA-994D-524CE61206BE}"
EndProject
Project("{FAE04EC0-301F-11D3-BF4B-00C04F79EFBC}") = "UnitTest", "ProdutoService\Tests\UnitTest\UnitTest.csproj", "{1A506E35-953A-4418-8BD2-A06D44372295}"
EndProject
Project("{2150E333-8FDC-42A3-9474-1A3956D46DE8}") = "RepoDbAdapter", "RepoDbAdapter", "{BB02C528-A548-4855-9861-A9497C3BF0F4}"
EndProject
Project("{2150E333-8FDC-42A3-9474-1A3956D46DE8}") = "EFCoreAdapter", "EFCoreAdapter", "{F69E53AC-538C-42E9-B7C7-1B37CE88008C}"
EndProject
Project("{2150E333-8FDC-42A3-9474-1A3956D46DE8}") = "MongoDbAdapter", "MongoDbAdapter", "{96CD15D5-A903-4DA5-9902-AE696A97E725}"
EndProject
Project("{FAE04EC0-301F-11D3-BF4B-00C04F79EFBC}") = "Data", "ProdutoService\Adapters\RepoDbAdapter\Data\Data.csproj", "{97E84DAB-E8A0-4DD8-AA32-8E031634BC37}"
EndProject
Project("{2150E333-8FDC-42A3-9474-1A3956D46DE8}") = "BuildingBlocks", "BuildingBlocks", "{6CE443A3-6252-446B-B9A0-C78D11EA10C2}"
EndProject
Project("{FAE04EC0-301F-11D3-BF4B-00C04F79EFBC}") = "Core", "BuildingBlocks\Core\Core.csproj", "{49679ABE-0D65-49B2-B761-1934B5666E3C}"
EndProject
Project("{FAE04EC0-301F-11D3-BF4B-00C04F79EFBC}") = "CoreWebApi", "BuildingBlocks\CoreWebApi\CoreWebApi.csproj", "{5D9B782E-2228-49DF-B3FC-3A2104C87019}"
EndProject
Project("{2150E333-8FDC-42A3-9474-1A3956D46DE8}") = "ClienteService", "ClienteService", "{07E581F3-8B52-4FCB-BFA4-57B4ED368263}"
EndProject
Project("{2150E333-8FDC-42A3-9474-1A3956D46DE8}") = "Adapters", "Adapters", "{E744E7A4-F70F-4D91-A58B-36CB75C68098}"
EndProject
Project("{2150E333-8FDC-42A3-9474-1A3956D46DE8}") = "Consumers", "Consumers", "{21004F82-ED9E-479C-BD2E-D9020CC56C81}"
EndProject
Project("{2150E333-8FDC-42A3-9474-1A3956D46DE8}") = "Core", "Core", "{80202845-551F-4601-A047-95F568303BD2}"
EndProject
Project("{2150E333-8FDC-42A3-9474-1A3956D46DE8}") = "Tests", "Tests", "{97A4EA90-E4A4-4C54-9181-2CF3B9362198}"
EndProject
Project("{FAE04EC0-301F-11D3-BF4B-00C04F79EFBC}") = "Application", "ClienteService\Core\Application\Application.csproj", "{FDA2EAB8-0818-4F74-B331-7051D2410E39}"
EndProject
Project("{FAE04EC0-301F-11D3-BF4B-00C04F79EFBC}") = "Domain", "ClienteService\Core\Domain\Domain.csproj", "{E5DE7654-4B0C-4B44-A749-C3E7FBA8C7C2}"
EndProject
Project("{FAE04EC0-301F-11D3-BF4B-00C04F79EFBC}") = "Api", "ClienteService\Consumers\Api\Api\Api.csproj", "{77D19D9F-5D14-4976-884A-21D75A404823}"
EndProject
Project("{2150E333-8FDC-42A3-9474-1A3956D46DE8}") = "CacheAdapter", "CacheAdapter", "{E6A12B3F-D8AC-468A-8EDF-249421D46404}"
EndProject
Project("{FAE04EC0-301F-11D3-BF4B-00C04F79EFBC}") = "Data", "ClienteService\Adapters\InMemoryDbAdapter\Data\Data.csproj", "{113DD751-3E92-45F5-986C-74A459DD2CFC}"
EndProject
Project("{FAE04EC0-301F-11D3-BF4B-00C04F79EFBC}") = "CacheAdapterTests", "ClienteService\Tests\Adapters\CacheAdapterTests\CacheAdapterTests\CacheAdapterTests.csproj", "{A58A4621-4130-4E75-ACF1-EAC2922F93F3}"
EndProject
Project("{2150E333-8FDC-42A3-9474-1A3956D46DE8}") = "Adapters", "Adapters", "{5AD325B4-6206-4D04-B904-95B3079CD19D}"
EndProject
Project("{2150E333-8FDC-42A3-9474-1A3956D46DE8}") = "Core", "Core", "{1AF0F74F-0D7D-4194-8EC8-73A432CA35E9}"
EndProject
Project("{FAE04EC0-301F-11D3-BF4B-00C04F79EFBC}") = "ApplicationTests", "ClienteService\Tests\Core\ApplicationTests\ApplicationTests\ApplicationTests.csproj", "{8C790573-949F-4310-9C3D-7068272FED2B}"
EndProject
Project("{FAE04EC0-301F-11D3-BF4B-00C04F79EFBC}") = "TestsHelper", "BuildingBlocks\TestsHelper\TestsHelper.csproj", "{0FDB4E45-FB0C-408D-B0D6-F60BD751FECF}"
EndProject
Project("{FAE04EC0-301F-11D3-BF4B-00C04F79EFBC}") = "DomainTests", "ClienteService\Tests\Core\DomainTests\DomainTests\DomainTests.csproj", "{971ED1B6-9AE7-47B7-8EED-FA3A26B2FD5E}"
EndProject
Project("{FAE04EC0-301F-11D3-BF4B-00C04F79EFBC}") = "Tests", "BuildingBlocks\Tests\Tests\Tests.csproj", "{18DE37A3-F6AA-4943-B807-4406AD7434BA}"
EndProject
Project("{2150E333-8FDC-42A3-9474-1A3956D46DE8}") = "AuthService", "AuthService", "{6912D14E-849C-4363-805F-D043F6B20BDD}"
EndProject
Project("{2150E333-8FDC-42A3-9474-1A3956D46DE8}") = "Adapters", "Adapters", "{F4D5D7B6-5733-4B08-B94A-C4E570025D6B}"
EndProject
Project("{2150E333-8FDC-42A3-9474-1A3956D46DE8}") = "Consumers", "Consumers", "{03D314CB-190C-4183-8BFB-82847AF961DF}"
EndProject
Project("{2150E333-8FDC-42A3-9474-1A3956D46DE8}") = "Core", "Core", "{6B6717ED-3E11-4772-B0F8-6536A769AC91}"
EndProject
Project("{2150E333-8FDC-42A3-9474-1A3956D46DE8}") = "Tests", "Tests", "{B4E13097-78D9-40D1-BED9-C9561B59DA1D}"
EndProject
Project("{FAE04EC0-301F-11D3-BF4B-00C04F79EFBC}") = "Application", "AuthServices\Core\Application\Application.csproj", "{C65A28C3-817E-4D69-82AF-52750C390F7B}"
EndProject
Project("{FAE04EC0-301F-11D3-BF4B-00C04F79EFBC}") = "Domain", "AuthServices\Core\Domain\Domain.csproj", "{D39B35D2-760A-4E8B-A475-8D9AC997DCF0}"
EndProject
Project("{FAE04EC0-301F-11D3-BF4B-00C04F79EFBC}") = "Api", "AuthServices\Consumers\Api\Api\Api.csproj", "{B0EEBE04-385C-4198-94DE-811D3842293D}"
EndProject
Project("{2150E333-8FDC-42A3-9474-1A3956D46DE8}") = "InMemoryDataAdapter", "InMemoryDataAdapter", "{92E14D09-724E-4822-80F1-F0F8B185232E}"
EndProject
Project("{FAE04EC0-301F-11D3-BF4B-00C04F79EFBC}") = "Data", "AuthServices\Adapters\InMemoryDataAdapter\Data\Data.csproj", "{E23726D7-D543-4389-B30F-5B2DFEC79D9A}"
EndProject
Global
	GlobalSection(SolutionConfigurationPlatforms) = preSolution
		Debug|Any CPU = Debug|Any CPU
		Release|Any CPU = Release|Any CPU
	EndGlobalSection
	GlobalSection(NestedProjects) = preSolution
		{A8FA4A9F-3CB5-47AA-9208-857BF0C95F1E} = {CBBD7B47-E5C1-48E0-B7B0-EC48F11DD116}
		{326A5323-833C-4F08-A749-D533BA9EBC99} = {A8FA4A9F-3CB5-47AA-9208-857BF0C95F1E}
		{BBF2B533-B731-4CB9-86FC-9AB82224FA7F} = {CBBD7B47-E5C1-48E0-B7B0-EC48F11DD116}
		{17DA2136-AFD4-4B7B-A35D-4523D810F7FC} = {CBBD7B47-E5C1-48E0-B7B0-EC48F11DD116}
		{5DC3FB36-9B0E-4590-B558-227E234EB3EE} = {CBBD7B47-E5C1-48E0-B7B0-EC48F11DD116}
		{E5FE099C-E0D2-449D-85E8-BD13B27A2CFF} = {A8FA4A9F-3CB5-47AA-9208-857BF0C95F1E}
		{66AC7A87-72D7-4DBA-994D-524CE61206BE} = {17DA2136-AFD4-4B7B-A35D-4523D810F7FC}
		{1A506E35-953A-4418-8BD2-A06D44372295} = {BBF2B533-B731-4CB9-86FC-9AB82224FA7F}
		{BB02C528-A548-4855-9861-A9497C3BF0F4} = {5DC3FB36-9B0E-4590-B558-227E234EB3EE}
		{F69E53AC-538C-42E9-B7C7-1B37CE88008C} = {5DC3FB36-9B0E-4590-B558-227E234EB3EE}
		{96CD15D5-A903-4DA5-9902-AE696A97E725} = {5DC3FB36-9B0E-4590-B558-227E234EB3EE}
		{97E84DAB-E8A0-4DD8-AA32-8E031634BC37} = {BB02C528-A548-4855-9861-A9497C3BF0F4}
		{49679ABE-0D65-49B2-B761-1934B5666E3C} = {6CE443A3-6252-446B-B9A0-C78D11EA10C2}
		{5D9B782E-2228-49DF-B3FC-3A2104C87019} = {6CE443A3-6252-446B-B9A0-C78D11EA10C2}
		{E744E7A4-F70F-4D91-A58B-36CB75C68098} = {07E581F3-8B52-4FCB-BFA4-57B4ED368263}
		{21004F82-ED9E-479C-BD2E-D9020CC56C81} = {07E581F3-8B52-4FCB-BFA4-57B4ED368263}
		{80202845-551F-4601-A047-95F568303BD2} = {07E581F3-8B52-4FCB-BFA4-57B4ED368263}
		{97A4EA90-E4A4-4C54-9181-2CF3B9362198} = {07E581F3-8B52-4FCB-BFA4-57B4ED368263}
		{FDA2EAB8-0818-4F74-B331-7051D2410E39} = {80202845-551F-4601-A047-95F568303BD2}
		{E5DE7654-4B0C-4B44-A749-C3E7FBA8C7C2} = {80202845-551F-4601-A047-95F568303BD2}
		{77D19D9F-5D14-4976-884A-21D75A404823} = {21004F82-ED9E-479C-BD2E-D9020CC56C81}
		{E6A12B3F-D8AC-468A-8EDF-249421D46404} = {E744E7A4-F70F-4D91-A58B-36CB75C68098}
		{113DD751-3E92-45F5-986C-74A459DD2CFC} = {E6A12B3F-D8AC-468A-8EDF-249421D46404}
		{5AD325B4-6206-4D04-B904-95B3079CD19D} = {97A4EA90-E4A4-4C54-9181-2CF3B9362198}
		{A58A4621-4130-4E75-ACF1-EAC2922F93F3} = {5AD325B4-6206-4D04-B904-95B3079CD19D}
		{1AF0F74F-0D7D-4194-8EC8-73A432CA35E9} = {97A4EA90-E4A4-4C54-9181-2CF3B9362198}
		{8C790573-949F-4310-9C3D-7068272FED2B} = {1AF0F74F-0D7D-4194-8EC8-73A432CA35E9}
		{0FDB4E45-FB0C-408D-B0D6-F60BD751FECF} = {6CE443A3-6252-446B-B9A0-C78D11EA10C2}
		{971ED1B6-9AE7-47B7-8EED-FA3A26B2FD5E} = {1AF0F74F-0D7D-4194-8EC8-73A432CA35E9}
		{18DE37A3-F6AA-4943-B807-4406AD7434BA} = {6CE443A3-6252-446B-B9A0-C78D11EA10C2}
		{F4D5D7B6-5733-4B08-B94A-C4E570025D6B} = {6912D14E-849C-4363-805F-D043F6B20BDD}
		{03D314CB-190C-4183-8BFB-82847AF961DF} = {6912D14E-849C-4363-805F-D043F6B20BDD}
		{6B6717ED-3E11-4772-B0F8-6536A769AC91} = {6912D14E-849C-4363-805F-D043F6B20BDD}
		{B4E13097-78D9-40D1-BED9-C9561B59DA1D} = {6912D14E-849C-4363-805F-D043F6B20BDD}
		{C65A28C3-817E-4D69-82AF-52750C390F7B} = {6B6717ED-3E11-4772-B0F8-6536A769AC91}
		{D39B35D2-760A-4E8B-A475-8D9AC997DCF0} = {6B6717ED-3E11-4772-B0F8-6536A769AC91}
		{B0EEBE04-385C-4198-94DE-811D3842293D} = {03D314CB-190C-4183-8BFB-82847AF961DF}
		{92E14D09-724E-4822-80F1-F0F8B185232E} = {F4D5D7B6-5733-4B08-B94A-C4E570025D6B}
		{E23726D7-D543-4389-B30F-5B2DFEC79D9A} = {92E14D09-724E-4822-80F1-F0F8B185232E}
	EndGlobalSection
	GlobalSection(ProjectConfigurationPlatforms) = postSolution
		{326A5323-833C-4F08-A749-D533BA9EBC99}.Debug|Any CPU.ActiveCfg = Debug|Any CPU
		{326A5323-833C-4F08-A749-D533BA9EBC99}.Debug|Any CPU.Build.0 = Debug|Any CPU
		{326A5323-833C-4F08-A749-D533BA9EBC99}.Release|Any CPU.ActiveCfg = Release|Any CPU
		{326A5323-833C-4F08-A749-D533BA9EBC99}.Release|Any CPU.Build.0 = Release|Any CPU
		{E5FE099C-E0D2-449D-85E8-BD13B27A2CFF}.Debug|Any CPU.ActiveCfg = Debug|Any CPU
		{E5FE099C-E0D2-449D-85E8-BD13B27A2CFF}.Debug|Any CPU.Build.0 = Debug|Any CPU
		{E5FE099C-E0D2-449D-85E8-BD13B27A2CFF}.Release|Any CPU.ActiveCfg = Release|Any CPU
		{E5FE099C-E0D2-449D-85E8-BD13B27A2CFF}.Release|Any CPU.Build.0 = Release|Any CPU
		{66AC7A87-72D7-4DBA-994D-524CE61206BE}.Debug|Any CPU.ActiveCfg = Debug|Any CPU
		{66AC7A87-72D7-4DBA-994D-524CE61206BE}.Debug|Any CPU.Build.0 = Debug|Any CPU
		{66AC7A87-72D7-4DBA-994D-524CE61206BE}.Release|Any CPU.ActiveCfg = Release|Any CPU
		{66AC7A87-72D7-4DBA-994D-524CE61206BE}.Release|Any CPU.Build.0 = Release|Any CPU
		{1A506E35-953A-4418-8BD2-A06D44372295}.Debug|Any CPU.ActiveCfg = Debug|Any CPU
		{1A506E35-953A-4418-8BD2-A06D44372295}.Debug|Any CPU.Build.0 = Debug|Any CPU
		{1A506E35-953A-4418-8BD2-A06D44372295}.Release|Any CPU.ActiveCfg = Release|Any CPU
		{1A506E35-953A-4418-8BD2-A06D44372295}.Release|Any CPU.Build.0 = Release|Any CPU
		{97E84DAB-E8A0-4DD8-AA32-8E031634BC37}.Debug|Any CPU.ActiveCfg = Debug|Any CPU
		{97E84DAB-E8A0-4DD8-AA32-8E031634BC37}.Debug|Any CPU.Build.0 = Debug|Any CPU
		{97E84DAB-E8A0-4DD8-AA32-8E031634BC37}.Release|Any CPU.ActiveCfg = Release|Any CPU
		{97E84DAB-E8A0-4DD8-AA32-8E031634BC37}.Release|Any CPU.Build.0 = Release|Any CPU
		{49679ABE-0D65-49B2-B761-1934B5666E3C}.Debug|Any CPU.ActiveCfg = Debug|Any CPU
		{49679ABE-0D65-49B2-B761-1934B5666E3C}.Debug|Any CPU.Build.0 = Debug|Any CPU
		{49679ABE-0D65-49B2-B761-1934B5666E3C}.Release|Any CPU.ActiveCfg = Release|Any CPU
		{49679ABE-0D65-49B2-B761-1934B5666E3C}.Release|Any CPU.Build.0 = Release|Any CPU
		{5D9B782E-2228-49DF-B3FC-3A2104C87019}.Debug|Any CPU.ActiveCfg = Debug|Any CPU
		{5D9B782E-2228-49DF-B3FC-3A2104C87019}.Debug|Any CPU.Build.0 = Debug|Any CPU
		{5D9B782E-2228-49DF-B3FC-3A2104C87019}.Release|Any CPU.ActiveCfg = Release|Any CPU
		{5D9B782E-2228-49DF-B3FC-3A2104C87019}.Release|Any CPU.Build.0 = Release|Any CPU
		{FDA2EAB8-0818-4F74-B331-7051D2410E39}.Debug|Any CPU.ActiveCfg = Debug|Any CPU
		{FDA2EAB8-0818-4F74-B331-7051D2410E39}.Debug|Any CPU.Build.0 = Debug|Any CPU
		{FDA2EAB8-0818-4F74-B331-7051D2410E39}.Release|Any CPU.ActiveCfg = Release|Any CPU
		{FDA2EAB8-0818-4F74-B331-7051D2410E39}.Release|Any CPU.Build.0 = Release|Any CPU
		{E5DE7654-4B0C-4B44-A749-C3E7FBA8C7C2}.Debug|Any CPU.ActiveCfg = Debug|Any CPU
		{E5DE7654-4B0C-4B44-A749-C3E7FBA8C7C2}.Debug|Any CPU.Build.0 = Debug|Any CPU
		{E5DE7654-4B0C-4B44-A749-C3E7FBA8C7C2}.Release|Any CPU.ActiveCfg = Release|Any CPU
		{E5DE7654-4B0C-4B44-A749-C3E7FBA8C7C2}.Release|Any CPU.Build.0 = Release|Any CPU
		{77D19D9F-5D14-4976-884A-21D75A404823}.Debug|Any CPU.ActiveCfg = Debug|Any CPU
		{77D19D9F-5D14-4976-884A-21D75A404823}.Debug|Any CPU.Build.0 = Debug|Any CPU
		{77D19D9F-5D14-4976-884A-21D75A404823}.Release|Any CPU.ActiveCfg = Release|Any CPU
		{77D19D9F-5D14-4976-884A-21D75A404823}.Release|Any CPU.Build.0 = Release|Any CPU
		{113DD751-3E92-45F5-986C-74A459DD2CFC}.Debug|Any CPU.ActiveCfg = Debug|Any CPU
		{113DD751-3E92-45F5-986C-74A459DD2CFC}.Debug|Any CPU.Build.0 = Debug|Any CPU
		{113DD751-3E92-45F5-986C-74A459DD2CFC}.Release|Any CPU.ActiveCfg = Release|Any CPU
		{113DD751-3E92-45F5-986C-74A459DD2CFC}.Release|Any CPU.Build.0 = Release|Any CPU
		{A58A4621-4130-4E75-ACF1-EAC2922F93F3}.Debug|Any CPU.ActiveCfg = Debug|Any CPU
		{A58A4621-4130-4E75-ACF1-EAC2922F93F3}.Debug|Any CPU.Build.0 = Debug|Any CPU
		{A58A4621-4130-4E75-ACF1-EAC2922F93F3}.Release|Any CPU.ActiveCfg = Release|Any CPU
		{A58A4621-4130-4E75-ACF1-EAC2922F93F3}.Release|Any CPU.Build.0 = Release|Any CPU
		{8C790573-949F-4310-9C3D-7068272FED2B}.Debug|Any CPU.ActiveCfg = Debug|Any CPU
		{8C790573-949F-4310-9C3D-7068272FED2B}.Debug|Any CPU.Build.0 = Debug|Any CPU
		{8C790573-949F-4310-9C3D-7068272FED2B}.Release|Any CPU.ActiveCfg = Release|Any CPU
		{8C790573-949F-4310-9C3D-7068272FED2B}.Release|Any CPU.Build.0 = Release|Any CPU
		{0FDB4E45-FB0C-408D-B0D6-F60BD751FECF}.Debug|Any CPU.ActiveCfg = Debug|Any CPU
		{0FDB4E45-FB0C-408D-B0D6-F60BD751FECF}.Debug|Any CPU.Build.0 = Debug|Any CPU
		{0FDB4E45-FB0C-408D-B0D6-F60BD751FECF}.Release|Any CPU.ActiveCfg = Release|Any CPU
		{0FDB4E45-FB0C-408D-B0D6-F60BD751FECF}.Release|Any CPU.Build.0 = Release|Any CPU
		{971ED1B6-9AE7-47B7-8EED-FA3A26B2FD5E}.Debug|Any CPU.ActiveCfg = Debug|Any CPU
		{971ED1B6-9AE7-47B7-8EED-FA3A26B2FD5E}.Debug|Any CPU.Build.0 = Debug|Any CPU
		{971ED1B6-9AE7-47B7-8EED-FA3A26B2FD5E}.Release|Any CPU.ActiveCfg = Release|Any CPU
		{971ED1B6-9AE7-47B7-8EED-FA3A26B2FD5E}.Release|Any CPU.Build.0 = Release|Any CPU
		{18DE37A3-F6AA-4943-B807-4406AD7434BA}.Debug|Any CPU.ActiveCfg = Debug|Any CPU
		{18DE37A3-F6AA-4943-B807-4406AD7434BA}.Debug|Any CPU.Build.0 = Debug|Any CPU
		{18DE37A3-F6AA-4943-B807-4406AD7434BA}.Release|Any CPU.ActiveCfg = Release|Any CPU
		{18DE37A3-F6AA-4943-B807-4406AD7434BA}.Release|Any CPU.Build.0 = Release|Any CPU
		{C65A28C3-817E-4D69-82AF-52750C390F7B}.Debug|Any CPU.ActiveCfg = Debug|Any CPU
		{C65A28C3-817E-4D69-82AF-52750C390F7B}.Debug|Any CPU.Build.0 = Debug|Any CPU
		{C65A28C3-817E-4D69-82AF-52750C390F7B}.Release|Any CPU.ActiveCfg = Release|Any CPU
		{C65A28C3-817E-4D69-82AF-52750C390F7B}.Release|Any CPU.Build.0 = Release|Any CPU
		{D39B35D2-760A-4E8B-A475-8D9AC997DCF0}.Debug|Any CPU.ActiveCfg = Debug|Any CPU
		{D39B35D2-760A-4E8B-A475-8D9AC997DCF0}.Debug|Any CPU.Build.0 = Debug|Any CPU
		{D39B35D2-760A-4E8B-A475-8D9AC997DCF0}.Release|Any CPU.ActiveCfg = Release|Any CPU
		{D39B35D2-760A-4E8B-A475-8D9AC997DCF0}.Release|Any CPU.Build.0 = Release|Any CPU
		{B0EEBE04-385C-4198-94DE-811D3842293D}.Debug|Any CPU.ActiveCfg = Debug|Any CPU
		{B0EEBE04-385C-4198-94DE-811D3842293D}.Debug|Any CPU.Build.0 = Debug|Any CPU
		{B0EEBE04-385C-4198-94DE-811D3842293D}.Release|Any CPU.ActiveCfg = Release|Any CPU
		{B0EEBE04-385C-4198-94DE-811D3842293D}.Release|Any CPU.Build.0 = Release|Any CPU
		{E23726D7-D543-4389-B30F-5B2DFEC79D9A}.Debug|Any CPU.ActiveCfg = Debug|Any CPU
		{E23726D7-D543-4389-B30F-5B2DFEC79D9A}.Debug|Any CPU.Build.0 = Debug|Any CPU
		{E23726D7-D543-4389-B30F-5B2DFEC79D9A}.Release|Any CPU.ActiveCfg = Release|Any CPU
		{E23726D7-D543-4389-B30F-5B2DFEC79D9A}.Release|Any CPU.Build.0 = Release|Any CPU
	EndGlobalSection
EndGlobal
