
Microsoft Visual Studio Solution File, Format Version 12.00
Project("{2150E333-8FDC-42A3-9474-1A3956D46DE8}") = "ProdutoService", "ProdutoService", "{CBBD7B47-E5C1-48E0-B7B0-EC48F11DD116}"
EndProject
Project("{2150E333-8FDC-42A3-9474-1A3956D46DE8}") = "Core", "Core", "{A8FA4A9F-3CB5-47AA-9208-857BF0C95F1E}"
EndProject
Project("{FAE04EC0-301F-11D3-BF4B-00C04F79EFBC}") = "Domain", "ProdutoService\Core\Domain\Domain.csproj", "{326A5323-833C-4F08-A749-D533BA9EBC99}"
EndProject
Project("{2150E333-8FDC-42A3-9474-1A3956D46DE8}") = "Tests", "Tests", "{BBF2B533-B731-4CB9-86FC-9AB82224FA7F}"
EndProject
Project("{2150E333-8FDC-42A3-9474-1A3956D46DE8}") = "Consumers", "Consumers", "{17DA2136-AFD4-4B7B-A35D-4523D810F7FC}"
EndProject
Project("{2150E333-8FDC-42A3-9474-1A3956D46DE8}") = "Adapters", "Adapters", "{5DC3FB36-9B0E-4590-B558-227E234EB3EE}"
EndProject
Project("{FAE04EC0-301F-11D3-BF4B-00C04F79EFBC}") = "Application", "ProdutoService\Core\Application\Application.csproj", "{E5FE099C-E0D2-449D-85E8-BD13B27A2CFF}"
EndProject
Project("{FAE04EC0-301F-11D3-BF4B-00C04F79EFBC}") = "API", "ProdutoService\Consumers\API\API\API.csproj", "{66AC7A87-72D7-4DBA-994D-524CE61206BE}"
EndProject
Project("{FAE04EC0-301F-11D3-BF4B-00C04F79EFBC}") = "UnitTest", "ProdutoService\Tests\UnitTest\UnitTest.csproj", "{1A506E35-953A-4418-8BD2-A06D44372295}"
EndProject
Project("{2150E333-8FDC-42A3-9474-1A3956D46DE8}") = "RepoDbAdapter", "RepoDbAdapter", "{BB02C528-A548-4855-9861-A9497C3BF0F4}"
EndProject
Project("{2150E333-8FDC-42A3-9474-1A3956D46DE8}") = "EFCoreAdapter", "EFCoreAdapter", "{F69E53AC-538C-42E9-B7C7-1B37CE88008C}"
EndProject
Project("{2150E333-8FDC-42A3-9474-1A3956D46DE8}") = "MongoDbAdapter", "MongoDbAdapter", "{96CD15D5-A903-4DA5-9902-AE696A97E725}"
EndProject
Project("{FAE04EC0-301F-11D3-BF4B-00C04F79EFBC}") = "Data", "ProdutoService\Adapters\RepoDbAdapter\Data\Data.csproj", "{97E84DAB-E8A0-4DD8-AA32-8E031634BC37}"
EndProject
Global
	GlobalSection(SolutionConfigurationPlatforms) = preSolution
		Debug|Any CPU = Debug|Any CPU
		Release|Any CPU = Release|Any CPU
	EndGlobalSection
	GlobalSection(NestedProjects) = preSolution
		{A8FA4A9F-3CB5-47AA-9208-857BF0C95F1E} = {CBBD7B47-E5C1-48E0-B7B0-EC48F11DD116}
		{326A5323-833C-4F08-A749-D533BA9EBC99} = {A8FA4A9F-3CB5-47AA-9208-857BF0C95F1E}
		{BBF2B533-B731-4CB9-86FC-9AB82224FA7F} = {CBBD7B47-E5C1-48E0-B7B0-EC48F11DD116}
		{17DA2136-AFD4-4B7B-A35D-4523D810F7FC} = {CBBD7B47-E5C1-48E0-B7B0-EC48F11DD116}
		{5DC3FB36-9B0E-4590-B558-227E234EB3EE} = {CBBD7B47-E5C1-48E0-B7B0-EC48F11DD116}
		{E5FE099C-E0D2-449D-85E8-BD13B27A2CFF} = {A8FA4A9F-3CB5-47AA-9208-857BF0C95F1E}
		{66AC7A87-72D7-4DBA-994D-524CE61206BE} = {17DA2136-AFD4-4B7B-A35D-4523D810F7FC}
		{1A506E35-953A-4418-8BD2-A06D44372295} = {BBF2B533-B731-4CB9-86FC-9AB82224FA7F}
		{BB02C528-A548-4855-9861-A9497C3BF0F4} = {5DC3FB36-9B0E-4590-B558-227E234EB3EE}
		{F69E53AC-538C-42E9-B7C7-1B37CE88008C} = {5DC3FB36-9B0E-4590-B558-227E234EB3EE}
		{96CD15D5-A903-4DA5-9902-AE696A97E725} = {5DC3FB36-9B0E-4590-B558-227E234EB3EE}
		{97E84DAB-E8A0-4DD8-AA32-8E031634BC37} = {BB02C528-A548-4855-9861-A9497C3BF0F4}
	EndGlobalSection
	GlobalSection(ProjectConfigurationPlatforms) = postSolution
		{326A5323-833C-4F08-A749-D533BA9EBC99}.Debug|Any CPU.ActiveCfg = Debug|Any CPU
		{326A5323-833C-4F08-A749-D533BA9EBC99}.Debug|Any CPU.Build.0 = Debug|Any CPU
		{326A5323-833C-4F08-A749-D533BA9EBC99}.Release|Any CPU.ActiveCfg = Release|Any CPU
		{326A5323-833C-4F08-A749-D533BA9EBC99}.Release|Any CPU.Build.0 = Release|Any CPU
		{E5FE099C-E0D2-449D-85E8-BD13B27A2CFF}.Debug|Any CPU.ActiveCfg = Debug|Any CPU
		{E5FE099C-E0D2-449D-85E8-BD13B27A2CFF}.Debug|Any CPU.Build.0 = Debug|Any CPU
		{E5FE099C-E0D2-449D-85E8-BD13B27A2CFF}.Release|Any CPU.ActiveCfg = Release|Any CPU
		{E5FE099C-E0D2-449D-85E8-BD13B27A2CFF}.Release|Any CPU.Build.0 = Release|Any CPU
		{66AC7A87-72D7-4DBA-994D-524CE61206BE}.Debug|Any CPU.ActiveCfg = Debug|Any CPU
		{66AC7A87-72D7-4DBA-994D-524CE61206BE}.Debug|Any CPU.Build.0 = Debug|Any CPU
		{66AC7A87-72D7-4DBA-994D-524CE61206BE}.Release|Any CPU.ActiveCfg = Release|Any CPU
		{66AC7A87-72D7-4DBA-994D-524CE61206BE}.Release|Any CPU.Build.0 = Release|Any CPU
		{1A506E35-953A-4418-8BD2-A06D44372295}.Debug|Any CPU.ActiveCfg = Debug|Any CPU
		{1A506E35-953A-4418-8BD2-A06D44372295}.Debug|Any CPU.Build.0 = Debug|Any CPU
		{1A506E35-953A-4418-8BD2-A06D44372295}.Release|Any CPU.ActiveCfg = Release|Any CPU
		{1A506E35-953A-4418-8BD2-A06D44372295}.Release|Any CPU.Build.0 = Release|Any CPU
		{97E84DAB-E8A0-4DD8-AA32-8E031634BC37}.Debug|Any CPU.ActiveCfg = Debug|Any CPU
		{97E84DAB-E8A0-4DD8-AA32-8E031634BC37}.Debug|Any CPU.Build.0 = Debug|Any CPU
		{97E84DAB-E8A0-4DD8-AA32-8E031634BC37}.Release|Any CPU.ActiveCfg = Release|Any CPU
		{97E84DAB-E8A0-4DD8-AA32-8E031634BC37}.Release|Any CPU.Build.0 = Release|Any CPU
	EndGlobalSection
EndGlobal
